
Microsoft Visual Studio Solution File, Format Version 12.00
# Visual Studio Version 17
VisualStudioVersion = 17.4.33110.190
MinimumVisualStudioVersion = 10.0.40219.1
<<<<<<< HEAD
Project("{8BC9CEB8-8B4A-11D0-8D11-00A0C91BC942}") = "snake", "snake.vcxproj", "{80DFBB81-767E-4D33-91D8-5E48547F088E}"
=======
Project("{8BC9CEB8-8B4A-11D0-8D11-00A0C91BC942}") = "snake", "snake.vcxproj", "{6AB1D76D-0BE0-4DD1-891F-9B355641F5F8}"
>>>>>>> 382f4ad8530de17aee3b6a647d684f114bcda423
EndProject
Global
	GlobalSection(SolutionConfigurationPlatforms) = preSolution
		Debug|x64 = Debug|x64
		Debug|x86 = Debug|x86
		Release|x64 = Release|x64
		Release|x86 = Release|x86
	EndGlobalSection
	GlobalSection(ProjectConfigurationPlatforms) = postSolution
<<<<<<< HEAD
		{80DFBB81-767E-4D33-91D8-5E48547F088E}.Debug|x64.ActiveCfg = Debug|x64
		{80DFBB81-767E-4D33-91D8-5E48547F088E}.Debug|x64.Build.0 = Debug|x64
		{80DFBB81-767E-4D33-91D8-5E48547F088E}.Debug|x86.ActiveCfg = Debug|Win32
		{80DFBB81-767E-4D33-91D8-5E48547F088E}.Debug|x86.Build.0 = Debug|Win32
		{80DFBB81-767E-4D33-91D8-5E48547F088E}.Release|x64.ActiveCfg = Release|x64
		{80DFBB81-767E-4D33-91D8-5E48547F088E}.Release|x64.Build.0 = Release|x64
		{80DFBB81-767E-4D33-91D8-5E48547F088E}.Release|x86.ActiveCfg = Release|Win32
		{80DFBB81-767E-4D33-91D8-5E48547F088E}.Release|x86.Build.0 = Release|Win32
=======
		{6AB1D76D-0BE0-4DD1-891F-9B355641F5F8}.Debug|x64.ActiveCfg = Debug|x64
		{6AB1D76D-0BE0-4DD1-891F-9B355641F5F8}.Debug|x64.Build.0 = Debug|x64
		{6AB1D76D-0BE0-4DD1-891F-9B355641F5F8}.Debug|x86.ActiveCfg = Debug|Win32
		{6AB1D76D-0BE0-4DD1-891F-9B355641F5F8}.Debug|x86.Build.0 = Debug|Win32
		{6AB1D76D-0BE0-4DD1-891F-9B355641F5F8}.Release|x64.ActiveCfg = Release|x64
		{6AB1D76D-0BE0-4DD1-891F-9B355641F5F8}.Release|x64.Build.0 = Release|x64
		{6AB1D76D-0BE0-4DD1-891F-9B355641F5F8}.Release|x86.ActiveCfg = Release|Win32
		{6AB1D76D-0BE0-4DD1-891F-9B355641F5F8}.Release|x86.Build.0 = Release|Win32
>>>>>>> 382f4ad8530de17aee3b6a647d684f114bcda423
	EndGlobalSection
	GlobalSection(SolutionProperties) = preSolution
		HideSolutionNode = FALSE
	EndGlobalSection
	GlobalSection(ExtensibilityGlobals) = postSolution
<<<<<<< HEAD
		SolutionGuid = {B8A8E50D-1B2D-4855-9357-EFB6DFB41E64}
=======
		SolutionGuid = {F3A01FB0-0FE6-4F26-9B68-69550A6DDEA5}
>>>>>>> 382f4ad8530de17aee3b6a647d684f114bcda423
	EndGlobalSection
EndGlobal
